version = 1
revision = 3
requires-python = ">=3.14"

[[package]]
name = "attrs"
version = "25.4.0"
source = { registry = "https://pypi.org/simple" }
sdist = { url = "https://files.pythonhosted.org/packages/6b/5c/685e6633917e101e5dcb62b9dd76946cbb57c26e133bae9e0cd36033c0a9/attrs-25.4.0.tar.gz", hash = "sha256:16d5969b87f0859ef33a48b35d55ac1be6e42ae49d5e853b597db70c35c57e11", size = 934251, upload-time = "2025-10-06T13:54:44.725Z" }
wheels = [
    { url = "https://files.pythonhosted.org/packages/3a/2a/7cc015f5b9f5db42b7d48157e23356022889fc354a2813c15934b7cb5c0e/attrs-25.4.0-py3-none-any.whl", hash = "sha256:adcf7e2a1fb3b36ac48d97835bb6d8ade15b8dcce26aba8bf1d14847b57a3373", size = 67615, upload-time = "2025-10-06T13:54:43.17Z" },
]

[[package]]
name = "black"
version = "26.3.1"
source = { registry = "https://pypi.org/simple" }
dependencies = [
    { name = "click" },
    { name = "mypy-extensions" },
    { name = "packaging" },
    { name = "pathspec" },
    { name = "platformdirs" },
    { name = "pytokens" },
]
sdist = { url = "https://files.pythonhosted.org/packages/e1/c5/61175d618685d42b005847464b8fb4743a67b1b8fdb75e50e5a96c31a27a/black-26.3.1.tar.gz", hash = "sha256:2c50f5063a9641c7eed7795014ba37b0f5fa227f3d408b968936e24bc0566b07", size = 666155, upload-time = "2026-03-12T03:36:03.593Z" }
wheels = [
    { url = "https://files.pythonhosted.org/packages/d5/da/e36e27c9cebc1311b7579210df6f1c86e50f2d7143ae4fcf8a5017dc8809/black-26.3.1-cp314-cp314-macosx_10_15_x86_64.whl", hash = "sha256:2d6bfaf7fd0993b420bed691f20f9492d53ce9a2bcccea4b797d34e947318a78", size = 1889234, upload-time = "2026-03-12T03:40:30.964Z" },
    { url = "https://files.pythonhosted.org/packages/0e/7b/9871acf393f64a5fa33668c19350ca87177b181f44bb3d0c33b2d534f22c/black-26.3.1-cp314-cp314-macosx_11_0_arm64.whl", hash = "sha256:f89f2ab047c76a9c03f78d0d66ca519e389519902fa27e7a91117ef7611c0568", size = 1720522, upload-time = "2026-03-12T03:40:32.346Z" },
    { url = "https://files.pythonhosted.org/packages/03/87/e766c7f2e90c07fb7586cc787c9ae6462b1eedab390191f2b7fc7f6170a9/black-26.3.1-cp314-cp314-manylinux2014_x86_64.manylinux_2_17_x86_64.manylinux_2_28_x86_64.whl", hash = "sha256:b07fc0dab849d24a80a29cfab8d8a19187d1c4685d8a5e6385a5ce323c1f015f", size = 1787824, upload-time = "2026-03-12T03:40:33.636Z" },
    { url = "https://files.pythonhosted.org/packages/ac/94/2424338fb2d1875e9e83eed4c8e9c67f6905ec25afd826a911aea2b02535/black-26.3.1-cp314-cp314-win_amd64.whl", hash = "sha256:0126ae5b7c09957da2bdbd91a9ba1207453feada9e9fe51992848658c6c8e01c", size = 1445855, upload-time = "2026-03-12T03:40:35.442Z" },
    { url = "https://files.pythonhosted.org/packages/86/43/0c3338bd928afb8ee7471f1a4eec3bdbe2245ccb4a646092a222e8669840/black-26.3.1-cp314-cp314-win_arm64.whl", hash = "sha256:92c0ec1f2cc149551a2b7b47efc32c866406b6891b0ee4625e95967c8f4acfb1", size = 1258109, upload-time = "2026-03-12T03:40:36.832Z" },
    { url = "https://files.pythonhosted.org/packages/8e/0d/52d98722666d6fc6c3dd4c76df339501d6efd40e0ff95e6186a7b7f0befd/black-26.3.1-py3-none-any.whl", hash = "sha256:2bd5aa94fc267d38bb21a70d7410a89f1a1d318841855f698746f8e7f51acd1b", size = 207542, upload-time = "2026-03-12T03:36:01.668Z" },
]

[[package]]
name = "cattrs"
version = "26.1.0"
source = { registry = "https://pypi.org/simple" }
dependencies = [
    { name = "attrs" },
    { name = "typing-extensions" },
]
sdist = { url = "https://files.pythonhosted.org/packages/a0/ec/ba18945e7d6e55a58364d9fb2e46049c1c2998b3d805f19b703f14e81057/cattrs-26.1.0.tar.gz", hash = "sha256:fa239e0f0ec0715ba34852ce813986dfed1e12117e209b816ab87401271cdd40", size = 495672, upload-time = "2026-02-18T22:15:19.406Z" }
wheels = [
    { url = "https://files.pythonhosted.org/packages/80/56/60547f7801b97c67e97491dc3d9ade9fbccbd0325058fd3dfcb2f5d98d90/cattrs-26.1.0-py3-none-any.whl", hash = "sha256:d1e0804c42639494d469d08d4f26d6b9de9b8ab26b446db7b5f8c2e97f7c3096", size = 73054, upload-time = "2026-02-18T22:15:17.958Z" },
]

[[package]]
name = "click"
version = "8.3.1"
source = { registry = "https://pypi.org/simple" }
dependencies = [
    { name = "colorama", marker = "sys_platform == 'win32'" },
]
sdist = { url = "https://files.pythonhosted.org/packages/3d/fa/656b739db8587d7b5dfa22e22ed02566950fbfbcdc20311993483657a5c0/click-8.3.1.tar.gz", hash = "sha256:12ff4785d337a1bb490bb7e9c2b1ee5da3112e94a8622f26a6c77f5d2fc6842a", size = 295065, upload-time = "2025-11-15T20:45:42.706Z" }
wheels = [
    { url = "https://files.pythonhosted.org/packages/98/78/01c019cdb5d6498122777c1a43056ebb3ebfeef2076d9d026bfe15583b2b/click-8.3.1-py3-none-any.whl", hash = "sha256:981153a64e25f12d547d3426c367a4857371575ee7ad18df2a6183ab0545b2a6", size = 108274, upload-time = "2025-11-15T20:45:41.139Z" },
]

[[package]]
name = "colorama"
version = "0.4.6"
source = { registry = "https://pypi.org/simple" }
sdist = { url = "https://files.pythonhosted.org/packages/d8/53/6f443c9a4a8358a93a6792e2acffb9d9d5cb0a5cfd8802644b7b1c9a02e4/colorama-0.4.6.tar.gz", hash = "sha256:08695f5cb7ed6e0531a20572697297273c47b8cae5a63ffc6d6ed5c201be6e44", size = 27697, upload-time = "2022-10-25T02:36:22.414Z" }
wheels = [
    { url = "https://files.pythonhosted.org/packages/d1/d6/3965ed04c63042e047cb6a3e6ed1a63a35087b6a609aa3a15ed8ac56c221/colorama-0.4.6-py2.py3-none-any.whl", hash = "sha256:4f1d9991f5acc0ca119f9d443620b77f9d6b33703e51011c16baf57afb285fc6", size = 25335, upload-time = "2022-10-25T02:36:20.889Z" },
]

[[package]]
name = "debugpy"
version = "1.8.20"
source = { registry = "https://pypi.org/simple" }
sdist = { url = "https://files.pythonhosted.org/packages/e0/b7/cd8080344452e4874aae67c40d8940e2b4d47b01601a8fd9f44786c757c7/debugpy-1.8.20.tar.gz", hash = "sha256:55bc8701714969f1ab89a6d5f2f3d40c36f91b2cbe2f65d98bf8196f6a6a2c33", size = 1645207, upload-time = "2026-01-29T23:03:28.199Z" }
wheels = [
    { url = "https://files.pythonhosted.org/packages/33/2e/f6cb9a8a13f5058f0a20fe09711a7b726232cd5a78c6a7c05b2ec726cff9/debugpy-1.8.20-cp314-cp314-macosx_15_0_universal2.whl", hash = "sha256:9c74df62fc064cd5e5eaca1353a3ef5a5d50da5eb8058fcef63106f7bebe6173", size = 2538066, upload-time = "2026-01-29T23:03:54.999Z" },
    { url = "https://files.pythonhosted.org/packages/c5/56/6ddca50b53624e1ca3ce1d1e49ff22db46c47ea5fb4c0cc5c9b90a616364/debugpy-1.8.20-cp314-cp314-manylinux_2_34_x86_64.whl", hash = "sha256:077a7447589ee9bc1ff0cdf443566d0ecf540ac8aa7333b775ebcb8ce9f4ecad", size = 4269425, upload-time = "2026-01-29T23:03:56.518Z" },
    { url = "https://files.pythonhosted.org/packages/c5/d9/d64199c14a0d4c476df46c82470a3ce45c8d183a6796cfb5e66533b3663c/debugpy-1.8.20-cp314-cp314-win32.whl", hash = "sha256:352036a99dd35053b37b7803f748efc456076f929c6a895556932eaf2d23b07f", size = 5331407, upload-time = "2026-01-29T23:03:58.481Z" },
    { url = "https://files.pythonhosted.org/packages/e0/d9/1f07395b54413432624d61524dfd98c1a7c7827d2abfdb8829ac92638205/debugpy-1.8.20-cp314-cp314-win_amd64.whl", hash = "sha256:a98eec61135465b062846112e5ecf2eebb855305acc1dfbae43b72903b8ab5be", size = 5372521, upload-time = "2026-01-29T23:03:59.864Z" },
    { url = "https://files.pythonhosted.org/packages/e0/c3/7f67dea8ccf8fdcb9c99033bbe3e90b9e7395415843accb81428c441be2d/debugpy-1.8.20-py2.py3-none-any.whl", hash = "sha256:5be9bed9ae3be00665a06acaa48f8329d2b9632f15fd09f6a9a8c8d9907e54d7", size = 5337658, upload-time = "2026-01-29T23:04:17.404Z" },
]

[[package]]
name = "docstring-to-markdown"
version = "0.17"
source = { registry = "https://pypi.org/simple" }
dependencies = [
    { name = "importlib-metadata" },
    { name = "typing-extensions" },
]
sdist = { url = "https://files.pythonhosted.org/packages/52/d8/8abe80d62c5dce1075578031bcfde07e735bcf0afe2886dd48b470162ab4/docstring_to_markdown-0.17.tar.gz", hash = "sha256:df72a112294c7492487c9da2451cae0faeee06e86008245c188c5761c9590ca3", size = 32260, upload-time = "2025-05-02T15:09:07.932Z" }
wheels = [
    { url = "https://files.pythonhosted.org/packages/56/7b/af3d0da15bed3a8665419bb3a630585756920f4ad67abfdfef26240ebcc0/docstring_to_markdown-0.17-py3-none-any.whl", hash = "sha256:fd7d5094aa83943bf5f9e1a13701866b7c452eac19765380dead666e36d3711c", size = 23479, upload-time = "2025-05-02T15:09:06.676Z" },
]

[[package]]
name = "importlib-metadata"
version = "8.7.1"
source = { registry = "https://pypi.org/simple" }
dependencies = [
    { name = "zipp" },
]
sdist = { url = "https://files.pythonhosted.org/packages/f3/49/3b30cad09e7771a4982d9975a8cbf64f00d4a1ececb53297f1d9a7be1b10/importlib_metadata-8.7.1.tar.gz", hash = "sha256:49fef1ae6440c182052f407c8d34a68f72efc36db9ca90dc0113398f2fdde8bb", size = 57107, upload-time = "2025-12-21T10:00:19.278Z" }
wheels = [
    { url = "https://files.pythonhosted.org/packages/fa/5e/f8e9a1d23b9c20a551a8a02ea3637b4642e22c2626e3a13a9a29cdea99eb/importlib_metadata-8.7.1-py3-none-any.whl", hash = "sha256:5a1f80bf1daa489495071efbb095d75a634cf28a8bc299581244063b53176151", size = 27865, upload-time = "2025-12-21T10:00:18.329Z" },
]

[[package]]
name = "iniconfig"
version = "2.3.0"
source = { registry = "https://pypi.org/simple" }
sdist = { url = "https://files.pythonhosted.org/packages/72/34/14ca021ce8e5dfedc35312d08ba8bf51fdd999c576889fc2c24cb97f4f10/iniconfig-2.3.0.tar.gz", hash = "sha256:c76315c77db068650d49c5b56314774a7804df16fee4402c1f19d6d15d8c4730", size = 20503, upload-time = "2025-10-18T21:55:43.219Z" }
wheels = [
    { url = "https://files.pythonhosted.org/packages/cb/b1/3846dd7f199d53cb17f49cba7e651e9ce294d8497c8c150530ed11865bb8/iniconfig-2.3.0-py3-none-any.whl", hash = "sha256:f631c04d2c48c52b84d0d0549c99ff3859c98df65b3101406327ecc7d53fbf12", size = 7484, upload-time = "2025-10-18T21:55:41.639Z" },
]

[[package]]
name = "jedi"
version = "0.19.2"
source = { registry = "https://pypi.org/simple" }
dependencies = [
    { name = "parso" },
]
sdist = { url = "https://files.pythonhosted.org/packages/72/3a/79a912fbd4d8dd6fbb02bf69afd3bb72cf0c729bb3063c6f4498603db17a/jedi-0.19.2.tar.gz", hash = "sha256:4770dc3de41bde3966b02eb84fbcf557fb33cce26ad23da12c742fb50ecb11f0", size = 1231287, upload-time = "2024-11-11T01:41:42.873Z" }
wheels = [
    { url = "https://files.pythonhosted.org/packages/c0/5a/9cac0c82afec3d09ccd97c8b6502d48f165f9124db81b4bcb90b4af974ee/jedi-0.19.2-py2.py3-none-any.whl", hash = "sha256:a8ef22bde8490f57fe5c7681a3c83cb58874daf72b4784de3cce5b6ef6edb5b9", size = 1572278, upload-time = "2024-11-11T01:41:40.175Z" },
]

[[package]]
name = "jedi-language-server"
version = "0.46.0"
source = { registry = "https://pypi.org/simple" }
dependencies = [
    { name = "cattrs" },
    { name = "docstring-to-markdown" },
    { name = "jedi" },
    { name = "lsprotocol" },
    { name = "pygls" },
]
sdist = { url = "https://files.pythonhosted.org/packages/6e/63/2ae4466db0d5f723bb141990487a46f1add8f6449995172c7d45e6d37c66/jedi_language_server-0.46.0.tar.gz", hash = "sha256:b9ee7cce6cb2bd6fce11115906db41549d7e97b358e0818a23dca164ed0b961a", size = 34602, upload-time = "2025-10-25T20:45:40.647Z" }
wheels = [
    { url = "https://files.pythonhosted.org/packages/a0/06/c29fe15b67db3170e057376386a7643228b6bcea35df68e884475d8a7897/jedi_language_server-0.46.0-py3-none-any.whl", hash = "sha256:c8003c33a36de9998ac1c6e13ebe3d99b11d06046ae6307d75f54c73e9358ea7", size = 33769, upload-time = "2025-10-25T20:45:39.411Z" },
]

[[package]]
name = "lsprotocol"
version = "2025.0.0"
source = { registry = "https://pypi.org/simple" }
dependencies = [
    { name = "attrs" },
    { name = "cattrs" },
]
sdist = { url = "https://files.pythonhosted.org/packages/e9/26/67b84e6ec1402f0e6764ef3d2a0aaf9a79522cc1d37738f4e5bb0b21521a/lsprotocol-2025.0.0.tar.gz", hash = "sha256:e879da2b9301e82cfc3e60d805630487ac2f7ab17492f4f5ba5aaba94fe56c29", size = 74896, upload-time = "2025-06-17T21:30:18.156Z" }
wheels = [
    { url = "https://files.pythonhosted.org/packages/7b/f0/92f2d609d6642b5f30cb50a885d2bf1483301c69d5786286500d15651ef2/lsprotocol-2025.0.0-py3-none-any.whl", hash = "sha256:f9d78f25221f2a60eaa4a96d3b4ffae011b107537facee61d3da3313880995c7", size = 76250, upload-time = "2025-06-17T21:30:19.455Z" },
]

[[package]]
name = "mypy-extensions"
version = "1.1.0"
source = { registry = "https://pypi.org/simple" }
sdist = { url = "https://files.pythonhosted.org/packages/a2/6e/371856a3fb9d31ca8dac321cda606860fa4548858c0cc45d9d1d4ca2628b/mypy_extensions-1.1.0.tar.gz", hash = "sha256:52e68efc3284861e772bbcd66823fde5ae21fd2fdb51c62a211403730b916558", size = 6343, upload-time = "2025-04-22T14:54:24.164Z" }
wheels = [
    { url = "https://files.pythonhosted.org/packages/79/7b/2c79738432f5c924bef5071f933bcc9efd0473bac3b4aa584a6f7c1c8df8/mypy_extensions-1.1.0-py3-none-any.whl", hash = "sha256:1be4cccdb0f2482337c4743e60421de3a356cd97508abadd57d47403e94f5505", size = 4963, upload-time = "2025-04-22T14:54:22.983Z" },
]

[[package]]
name = "packaging"
version = "26.0"
source = { registry = "https://pypi.org/simple" }
sdist = { url = "https://files.pythonhosted.org/packages/65/ee/299d360cdc32edc7d2cf530f3accf79c4fca01e96ffc950d8a52213bd8e4/packaging-26.0.tar.gz", hash = "sha256:00243ae351a257117b6a241061796684b084ed1c516a08c48a3f7e147a9d80b4", size = 143416, upload-time = "2026-01-21T20:50:39.064Z" }
wheels = [
    { url = "https://files.pythonhosted.org/packages/b7/b9/c538f279a4e237a006a2c98387d081e9eb060d203d8ed34467cc0f0b9b53/packaging-26.0-py3-none-any.whl", hash = "sha256:b36f1fef9334a5588b4166f8bcd26a14e521f2b55e6b9de3aaa80d3ff7a37529", size = 74366, upload-time = "2026-01-21T20:50:37.788Z" },
]

[[package]]
name = "parso"
version = "0.8.6"
source = { registry = "https://pypi.org/simple" }
sdist = { url = "https://files.pythonhosted.org/packages/81/76/a1e769043c0c0c9fe391b702539d594731a4362334cdf4dc25d0c09761e7/parso-0.8.6.tar.gz", hash = "sha256:2b9a0332696df97d454fa67b81618fd69c35a7b90327cbe6ba5c92d2c68a7bfd", size = 401621, upload-time = "2026-02-09T15:45:24.425Z" }
wheels = [
    { url = "https://files.pythonhosted.org/packages/b6/61/fae042894f4296ec49e3f193aff5d7c18440da9e48102c3315e1bc4519a7/parso-0.8.6-py2.py3-none-any.whl", hash = "sha256:2c549f800b70a5c4952197248825584cb00f033b29c692671d3bf08bf380baff", size = 106894, upload-time = "2026-02-09T15:45:21.391Z" },
]

[[package]]
name = "pathspec"
version = "1.0.4"
source = { registry = "https://pypi.org/simple" }
sdist = { url = "https://files.pythonhosted.org/packages/fa/36/e27608899f9b8d4dff0617b2d9ab17ca5608956ca44461ac14ac48b44015/pathspec-1.0.4.tar.gz", hash = "sha256:0210e2ae8a21a9137c0d470578cb0e595af87edaa6ebf12ff176f14a02e0e645", size = 131200, upload-time = "2026-01-27T03:59:46.938Z" }
wheels = [
    { url = "https://files.pythonhosted.org/packages/ef/3c/2c197d226f9ea224a9ab8d197933f9da0ae0aac5b6e0f884e2b8d9c8e9f7/pathspec-1.0.4-py3-none-any.whl", hash = "sha256:fb6ae2fd4e7c921a165808a552060e722767cfa526f99ca5156ed2ce45a5c723", size = 55206, upload-time = "2026-01-27T03:59:45.137Z" },
]

[[package]]
name = "platformdirs"
version = "4.9.4"
source = { registry = "https://pypi.org/simple" }
sdist = { url = "https://files.pythonhosted.org/packages/19/56/8d4c30c8a1d07013911a8fdbd8f89440ef9f08d07a1b50ab8ca8be5a20f9/platformdirs-4.9.4.tar.gz", hash = "sha256:1ec356301b7dc906d83f371c8f487070e99d3ccf9e501686456394622a01a934", size = 28737, upload-time = "2026-03-05T18:34:13.271Z" }
wheels = [
    { url = "https://files.pythonhosted.org/packages/63/d7/97f7e3a6abb67d8080dd406fd4df842c2be0efaf712d1c899c32a075027c/platformdirs-4.9.4-py3-none-any.whl", hash = "sha256:68a9a4619a666ea6439f2ff250c12a853cd1cbd5158d258bd824a7df6be2f868", size = 21216, upload-time = "2026-03-05T18:34:12.172Z" },
]

[[package]]
name = "pluggy"
version = "1.6.0"
source = { registry = "https://pypi.org/simple" }
sdist = { url = "https://files.pythonhosted.org/packages/f9/e2/3e91f31a7d2b083fe6ef3fa267035b518369d9511ffab804f839851d2779/pluggy-1.6.0.tar.gz", hash = "sha256:7dcc130b76258d33b90f61b658791dede3486c3e6bfb003ee5c9bfb396dd22f3", size = 69412, upload-time = "2025-05-15T12:30:07.975Z" }
wheels = [
    { url = "https://files.pythonhosted.org/packages/54/20/4d324d65cc6d9205fabedc306948156824eb9f0ee1633355a8f7ec5c66bf/pluggy-1.6.0-py3-none-any.whl", hash = "sha256:e920276dd6813095e9377c0bc5566d94c932c33b27a3e3945d8389c374dd4746", size = 20538, upload-time = "2025-05-15T12:30:06.134Z" },
]

[[package]]
name = "pygls"
version = "2.0.1"
source = { registry = "https://pypi.org/simple" }
dependencies = [
    { name = "attrs" },
    { name = "cattrs" },
    { name = "lsprotocol" },
]
sdist = { url = "https://files.pythonhosted.org/packages/1b/94/cce3560f6c7296be43bd67ba342f8972b8adddfe407b62b25d1fb90c514b/pygls-2.0.1.tar.gz", hash = "sha256:2f774a669fbe2ece977d302786f01f9b0c5df7d0204ea0fa371ecb08288d6b86", size = 55796, upload-time = "2026-01-26T23:04:33.8Z" }
wheels = [
    { url = "https://files.pythonhosted.org/packages/48/8b/d0d7e51f928ec6e555c943f7c07a712b992e9cf061d52cbf37fbf8622c05/pygls-2.0.1-py3-none-any.whl", hash = "sha256:d29748042cea5bedc98285eb3e2c0c60bf3fc73786319519001bf72bbe8f36cc", size = 69536, upload-time = "2026-01-26T23:04:35.197Z" },
]

[[package]]
name = "pygments"
version = "2.19.2"
source = { registry = "https://pypi.org/simple" }
sdist = { url = "https://files.pythonhosted.org/packages/b0/77/a5b8c569bf593b0140bde72ea885a803b82086995367bf2037de0159d924/pygments-2.19.2.tar.gz", hash = "sha256:636cb2477cec7f8952536970bc533bc43743542f70392ae026374600add5b887", size = 4968631, upload-time = "2025-06-21T13:39:12.283Z" }
wheels = [
    { url = "https://files.pythonhosted.org/packages/c7/21/705964c7812476f378728bdf590ca4b771ec72385c533964653c68e86bdc/pygments-2.19.2-py3-none-any.whl", hash = "sha256:86540386c03d588bb81d44bc3928634ff26449851e99741617ecb9037ee5ec0b", size = 1225217, upload-time = "2025-06-21T13:39:07.939Z" },
]

[[package]]
name = "pytest"
version = "9.0.2"
source = { registry = "https://pypi.org/simple" }
dependencies = [
    { name = "colorama", marker = "sys_platform == 'win32'" },
    { name = "iniconfig" },
    { name = "packaging" },
    { name = "pluggy" },
    { name = "pygments" },
]
sdist = { url = "https://files.pythonhosted.org/packages/d1/db/7ef3487e0fb0049ddb5ce41d3a49c235bf9ad299b6a25d5780a89f19230f/pytest-9.0.2.tar.gz", hash = "sha256:75186651a92bd89611d1d9fc20f0b4345fd827c41ccd5c299a868a05d70edf11", size = 1568901, upload-time = "2025-12-06T21:30:51.014Z" }
wheels = [
    { url = "https://files.pythonhosted.org/packages/3b/ab/b3226f0bd7cdcf710fbede2b3548584366da3b19b5021e74f5bde2a8fa3f/pytest-9.0.2-py3-none-any.whl", hash = "sha256:711ffd45bf766d5264d487b917733b453d917afd2b0ad65223959f59089f875b", size = 374801, upload-time = "2025-12-06T21:30:49.154Z" },
]

[[package]]
name = "python-lsp-jsonrpc"
version = "1.1.2"
source = { registry = "https://pypi.org/simple" }
dependencies = [
    { name = "ujson" },
]
sdist = { url = "https://files.pythonhosted.org/packages/48/b6/fd92e2ea4635d88966bb42c20198df1a981340f07843b5e3c6694ba3557b/python-lsp-jsonrpc-1.1.2.tar.gz", hash = "sha256:4688e453eef55cd952bff762c705cedefa12055c0aec17a06f595bcc002cc912", size = 15298, upload-time = "2023-09-23T17:48:30.451Z" }
wheels = [
    { url = "https://files.pythonhosted.org/packages/cb/d9/656659d5b5d5f402b2b174cd0ba9bc827e07ce3c0bf88da65424baf64af8/python_lsp_jsonrpc-1.1.2-py3-none-any.whl", hash = "sha256:7339c2e9630ae98903fdaea1ace8c47fba0484983794d6aafd0bd8989be2b03c", size = 8805, upload-time = "2023-09-23T17:48:28.804Z" },
]

[[package]]
name = "python-lsp-server"
version = "1.14.0"
source = { registry = "https://pypi.org/simple" }
dependencies = [
    { name = "black" },
    { name = "docstring-to-markdown" },
    { name = "jedi" },
    { name = "pluggy" },
    { name = "python-lsp-jsonrpc" },
    { name = "ujson" },
]
sdist = { url = "https://files.pythonhosted.org/packages/b4/b5/b989d41c63390dfc2bf63275ab543b82fed076723d912055e77ccbae1422/python_lsp_server-1.14.0.tar.gz", hash = "sha256:509c445fc667f41ffd3191cb7512a497bf7dd76c14ceb1ee2f6c13ebe71f9a6b", size = 121536, upload-time = "2025-12-06T16:12:20.86Z" }
wheels = [
    { url = "https://files.pythonhosted.org/packages/08/cf/587f913335e3855e0ddca2aee7c3f9d5de2d75a1e23434891e9f74783bcd/python_lsp_server-1.14.0-py3-none-any.whl", hash = "sha256:a71a917464effc48f4c70363f90b8520e5e3ba8201428da80b97a7ceb259e32a", size = 77060, upload-time = "2025-12-06T16:12:19.46Z" },
]

[[package]]
name = "pytokens"
version = "0.4.1"
source = { registry = "https://pypi.org/simple" }
sdist = { url = "https://files.pythonhosted.org/packages/b6/34/b4e015b99031667a7b960f888889c5bd34ef585c85e1cb56a594b92836ac/pytokens-0.4.1.tar.gz", hash = "sha256:292052fe80923aae2260c073f822ceba21f3872ced9a68bb7953b348e561179a", size = 23015, upload-time = "2026-01-30T01:03:45.924Z" }
wheels = [
    { url = "https://files.pythonhosted.org/packages/8f/a7/b470f672e6fc5fee0a01d9e75005a0e617e162381974213a945fcd274843/pytokens-0.4.1-cp314-cp314-macosx_11_0_arm64.whl", hash = "sha256:4a14d5f5fc78ce85e426aa159489e2d5961acf0e47575e08f35584009178e321", size = 160821, upload-time = "2026-01-30T01:03:19.684Z" },
    { url = "https://files.pythonhosted.org/packages/80/98/e83a36fe8d170c911f864bfded690d2542bfcfacb9c649d11a9e6eb9dc41/pytokens-0.4.1-cp314-cp314-manylinux2014_aarch64.manylinux_2_17_aarch64.manylinux_2_28_aarch64.whl", hash = "sha256:97f50fd18543be72da51dd505e2ed20d2228c74e0464e4262e4899797803d7fa", size = 254263, upload-time = "2026-01-30T01:03:20.834Z" },
    { url = "https://files.pythonhosted.org/packages/0f/95/70d7041273890f9f97a24234c00b746e8da86df462620194cef1d411ddeb/pytokens-0.4.1-cp314-cp314-manylinux2014_x86_64.manylinux_2_17_x86_64.manylinux_2_28_x86_64.whl", hash = "sha256:dc74c035f9bfca0255c1af77ddd2d6ae8419012805453e4b0e7513e17904545d", size = 268071, upload-time = "2026-01-30T01:03:21.888Z" },
    { url = "https://files.pythonhosted.org/packages/da/79/76e6d09ae19c99404656d7db9c35dfd20f2086f3eb6ecb496b5b31163bad/pytokens-0.4.1-cp314-cp314-musllinux_1_2_x86_64.whl", hash = "sha256:f66a6bbe741bd431f6d741e617e0f39ec7257ca1f89089593479347cc4d13324", size = 271716, upload-time = "2026-01-30T01:03:23.633Z" },
    { url = "https://files.pythonhosted.org/packages/79/37/482e55fa1602e0a7ff012661d8c946bafdc05e480ea5a32f4f7e336d4aa9/pytokens-0.4.1-cp314-cp314-win_amd64.whl", hash = "sha256:b35d7e5ad269804f6697727702da3c517bb8a5228afa450ab0fa787732055fc9", size = 104539, upload-time = "2026-01-30T01:03:24.788Z" },
    { url = "https://files.pythonhosted.org/packages/30/e8/20e7db907c23f3d63b0be3b8a4fd1927f6da2395f5bcc7f72242bb963dfe/pytokens-0.4.1-cp314-cp314t-macosx_11_0_arm64.whl", hash = "sha256:8fcb9ba3709ff77e77f1c7022ff11d13553f3c30299a9fe246a166903e9091eb", size = 168474, upload-time = "2026-01-30T01:03:26.428Z" },
    { url = "https://files.pythonhosted.org/packages/d6/81/88a95ee9fafdd8f5f3452107748fd04c24930d500b9aba9738f3ade642cc/pytokens-0.4.1-cp314-cp314t-manylinux2014_aarch64.manylinux_2_17_aarch64.manylinux_2_28_aarch64.whl", hash = "sha256:79fc6b8699564e1f9b521582c35435f1bd32dd06822322ec44afdeba666d8cb3", size = 290473, upload-time = "2026-01-30T01:03:27.415Z" },
    { url = "https://files.pythonhosted.org/packages/cf/35/3aa899645e29b6375b4aed9f8d21df219e7c958c4c186b465e42ee0a06bf/pytokens-0.4.1-cp314-cp314t-manylinux2014_x86_64.manylinux_2_17_x86_64.manylinux_2_28_x86_64.whl", hash = "sha256:d31b97b3de0f61571a124a00ffe9a81fb9939146c122c11060725bd5aea79975", size = 303485, upload-time = "2026-01-30T01:03:28.558Z" },
    { url = "https://files.pythonhosted.org/packages/52/a0/07907b6ff512674d9b201859f7d212298c44933633c946703a20c25e9d81/pytokens-0.4.1-cp314-cp314t-musllinux_1_2_x86_64.whl", hash = "sha256:967cf6e3fd4adf7de8fc73cd3043754ae79c36475c1c11d514fc72cf5490094a", size = 306698, upload-time = "2026-01-30T01:03:29.653Z" },
    { url = "https://files.pythonhosted.org/packages/39/2a/cbbf9250020a4a8dd53ba83a46c097b69e5eb49dd14e708f496f548c6612/pytokens-0.4.1-cp314-cp314t-win_amd64.whl", hash = "sha256:584c80c24b078eec1e227079d56dc22ff755e0ba8654d8383b2c549107528918", size = 116287, upload-time = "2026-01-30T01:03:30.912Z" },
    { url = "https://files.pythonhosted.org/packages/c6/78/397db326746f0a342855b81216ae1f0a32965deccfd7c830a2dbc66d2483/pytokens-0.4.1-py3-none-any.whl", hash = "sha256:26cef14744a8385f35d0e095dc8b3a7583f6c953c2e3d269c7f82484bf5ad2de", size = 13729, upload-time = "2026-01-30T01:03:45.029Z" },
]

[[package]]
name = "ruff"
version = "0.15.6"
source = { registry = "https://pypi.org/simple" }
sdist = { url = "https://files.pythonhosted.org/packages/51/df/f8629c19c5318601d3121e230f74cbee7a3732339c52b21daa2b82ef9c7d/ruff-0.15.6.tar.gz", hash = "sha256:8394c7bb153a4e3811a4ecdacd4a8e6a4fa8097028119160dffecdcdf9b56ae4", size = 4597916, upload-time = "2026-03-12T23:05:47.51Z" }
wheels = [
    { url = "https://files.pythonhosted.org/packages/9e/2f/4e03a7e5ce99b517e98d3b4951f411de2b0fa8348d39cf446671adcce9a2/ruff-0.15.6-py3-none-linux_armv6l.whl", hash = "sha256:7c98c3b16407b2cf3d0f2b80c80187384bc92c6774d85fefa913ecd941256fff", size = 10508953, upload-time = "2026-03-12T23:05:17.246Z" },
    { url = "https://files.pythonhosted.org/packages/70/60/55bcdc3e9f80bcf39edf0cd272da6fa511a3d94d5a0dd9e0adf76ceebdb4/ruff-0.15.6-py3-none-macosx_10_12_x86_64.whl", hash = "sha256:ee7dcfaad8b282a284df4aa6ddc2741b3f4a18b0555d626805555a820ea181c3", size = 10942257, upload-time = "2026-03-12T23:05:23.076Z" },
    { url = "https://files.pythonhosted.org/packages/e7/f9/005c29bd1726c0f492bfa215e95154cf480574140cb5f867c797c18c790b/ruff-0.15.6-py3-none-macosx_11_0_arm64.whl", hash = "sha256:3bd9967851a25f038fc8b9ae88a7fbd1b609f30349231dffaa37b6804923c4bb", size = 10322683, upload-time = "2026-03-12T23:05:33.738Z" },
    { url = "https://files.pythonhosted.org/packages/5f/74/2f861f5fd7cbb2146bddb5501450300ce41562da36d21868c69b7a828169/ruff-0.15.6-py3-none-manylinux_2_17_aarch64.manylinux2014_aarch64.whl", hash = "sha256:13f4594b04e42cd24a41da653886b04d2ff87adbf57497ed4f728b0e8a4866f8", size = 10660986, upload-time = "2026-03-12T23:05:53.245Z" },
    { url = "https://files.pythonhosted.org/packages/c1/a1/309f2364a424eccb763cdafc49df843c282609f47fe53aa83f38272389e0/ruff-0.15.6-py3-none-manylinux_2_17_armv7l.manylinux2014_armv7l.whl", hash = "sha256:e2ed8aea2f3fe57886d3f00ea5b8aae5bf68d5e195f487f037a955ff9fbaac9e", size = 10332177, upload-time = "2026-03-12T23:05:56.145Z" },
    { url = "https://files.pythonhosted.org/packages/30/41/7ebf1d32658b4bab20f8ac80972fb19cd4e2c6b78552be263a680edc55ac/ruff-0.15.6-py3-none-manylinux_2_17_i686.manylinux2014_i686.whl", hash = "sha256:70789d3e7830b848b548aae96766431c0dc01a6c78c13381f423bf7076c66d15", size = 11170783, upload-time = "2026-03-12T23:06:01.742Z" },
    { url = "https://files.pythonhosted.org/packages/76/be/6d488f6adca047df82cd62c304638bcb00821c36bd4881cfca221561fdfc/ruff-0.15.6-py3-none-manylinux_2_17_ppc64le.manylinux2014_ppc64le.whl", hash = "sha256:542aaf1de3154cea088ced5a819ce872611256ffe2498e750bbae5247a8114e9", size = 12044201, upload-time = "2026-03-12T23:05:28.697Z" },
    { url = "https://files.pythonhosted.org/packages/71/68/e6f125df4af7e6d0b498f8d373274794bc5156b324e8ab4bf5c1b4fc0ec7/ruff-0.15.6-py3-none-manylinux_2_17_s390x.manylinux2014_s390x.whl", hash = "sha256:1c22e6f02c16cfac3888aa636e9eba857254d15bbacc9906c9689fdecb1953ab", size = 11421561, upload-time = "2026-03-12T23:05:31.236Z" },
    { url = "https://files.pythonhosted.org/packages/f1/9f/f85ef5fd01a52e0b472b26dc1b4bd228b8f6f0435975442ffa4741278703/ruff-0.15.6-py3-none-manylinux_2_17_x86_64.manylinux2014_x86_64.whl", hash = "sha256:98893c4c0aadc8e448cfa315bd0cc343a5323d740fe5f28ef8a3f9e21b381f7e", size = 11310928, upload-time = "2026-03-12T23:05:45.288Z" },
    { url = "https://files.pythonhosted.org/packages/8c/26/b75f8c421f5654304b89471ed384ae8c7f42b4dff58fa6ce1626d7f2b59a/ruff-0.15.6-py3-none-manylinux_2_31_riscv64.whl", hash = "sha256:70d263770d234912374493e8cc1e7385c5d49376e41dfa51c5c3453169dc581c", size = 11235186, upload-time = "2026-03-12T23:05:50.677Z" },
    { url = "https://files.pythonhosted.org/packages/fc/d4/d5a6d065962ff7a68a86c9b4f5500f7d101a0792078de636526c0edd40da/ruff-0.15.6-py3-none-musllinux_1_2_aarch64.whl", hash = "sha256:55a1ad63c5a6e54b1f21b7514dfadc0c7fb40093fa22e95143cf3f64ebdcd512", size = 10635231, upload-time = "2026-03-12T23:05:37.044Z" },
    { url = "https://files.pythonhosted.org/packages/d6/56/7c3acf3d50910375349016cf33de24be021532042afbed87942858992491/ruff-0.15.6-py3-none-musllinux_1_2_armv7l.whl", hash = "sha256:8dc473ba093c5ec238bb1e7429ee676dca24643c471e11fbaa8a857925b061c0", size = 10340357, upload-time = "2026-03-12T23:06:04.748Z" },
    { url = "https://files.pythonhosted.org/packages/06/54/6faa39e9c1033ff6a3b6e76b5df536931cd30caf64988e112bbf91ef5ce5/ruff-0.15.6-py3-none-musllinux_1_2_i686.whl", hash = "sha256:85b042377c2a5561131767974617006f99f7e13c63c111b998f29fc1e58a4cfb", size = 10860583, upload-time = "2026-03-12T23:05:58.978Z" },
    { url = "https://files.pythonhosted.org/packages/cb/1e/509a201b843b4dfb0b32acdedf68d951d3377988cae43949ba4c4133a96a/ruff-0.15.6-py3-none-musllinux_1_2_x86_64.whl", hash = "sha256:cef49e30bc5a86a6a92098a7fbf6e467a234d90b63305d6f3ec01225a9d092e0", size = 11410976, upload-time = "2026-03-12T23:05:39.955Z" },
    { url = "https://files.pythonhosted.org/packages/6c/25/3fc9114abf979a41673ce877c08016f8e660ad6cf508c3957f537d2e9fa9/ruff-0.15.6-py3-none-win32.whl", hash = "sha256:bbf67d39832404812a2d23020dda68fee7f18ce15654e96fb1d3ad21a5fe436c", size = 10616872, upload-time = "2026-03-12T23:05:42.451Z" },
    { url = "https://files.pythonhosted.org/packages/89/7a/09ece68445ceac348df06e08bf75db72d0e8427765b96c9c0ffabc1be1d9/ruff-0.15.6-py3-none-win_amd64.whl", hash = "sha256:aee25bc84c2f1007ecb5037dff75cef00414fdf17c23f07dc13e577883dca406", size = 11787271, upload-time = "2026-03-12T23:05:20.168Z" },
    { url = "https://files.pythonhosted.org/packages/7f/d0/578c47dd68152ddddddf31cd7fc67dc30b7cdf639a86275fda821b0d9d98/ruff-0.15.6-py3-none-win_arm64.whl", hash = "sha256:c34de3dd0b0ba203be50ae70f5910b17188556630e2178fd7d79fc030eb0d837", size = 11060497, upload-time = "2026-03-12T23:05:25.968Z" },
]

[[package]]
name = "the-joy-of-accounting"
version = "0.1.0"
source = { editable = "." }

[package.dev-dependencies]
dev = [
    { name = "debugpy" },
    { name = "jedi-language-server" },
    { name = "pytest" },
    { name = "python-lsp-server" },
    { name = "ruff" },
    { name = "ty" },
]

[package.metadata]

[package.metadata.requires-dev]
dev = [
    { name = "debugpy", specifier = ">=1.8.0" },
    { name = "jedi-language-server", specifier = ">=0.46.0" },
    { name = "pytest", specifier = ">=9.0.2" },
    { name = "python-lsp-server", specifier = ">=1.14.0" },
    { name = "ruff", specifier = ">=0.15.6" },
    { name = "ty", specifier = ">=0.0.23" },
]

[[package]]
name = "ty"
version = "0.0.23"
source = { registry = "https://pypi.org/simple" }
sdist = { url = "https://files.pythonhosted.org/packages/75/ba/d3c998ff4cf6b5d75b39356db55fe1b7caceecc522b9586174e6a5dee6f7/ty-0.0.23.tar.gz", hash = "sha256:5fb05db58f202af366f80ef70f806e48f5237807fe424ec787c9f289e3f3a4ef", size = 5341461, upload-time = "2026-03-13T12:34:23.125Z" }
wheels = [
    { url = "https://files.pythonhosted.org/packages/f4/21/aab32603dfdfacd4819e52fa8c6074e7bd578218a5142729452fc6a62db6/ty-0.0.23-py3-none-linux_armv6l.whl", hash = "sha256:e810eef1a5f1cfc0731a58af8d2f334906a96835829767aed00026f1334a8dd7", size = 10329096, upload-time = "2026-03-13T12:34:09.432Z" },
    { url = "https://files.pythonhosted.org/packages/9f/a9/dd3287a82dce3df546ec560296208d4905dcf06346b6e18c2f3c63523bd1/ty-0.0.23-py3-none-macosx_10_12_x86_64.whl", hash = "sha256:e43d36bd89a151ddcad01acaeff7dcc507cb73ff164c1878d2d11549d39a061c", size = 10156631, upload-time = "2026-03-13T12:34:53.122Z" },
    { url = "https://files.pythonhosted.org/packages/0f/01/3f25909b02fac29bb0a62b2251f8d62e65d697781ffa4cf6b47a4c075c85/ty-0.0.23-py3-none-macosx_11_0_arm64.whl", hash = "sha256:bd6a340969577b4645f231572c4e46012acba2d10d4c0c6570fe1ab74e76ae00", size = 9653211, upload-time = "2026-03-13T12:34:15.049Z" },
    { url = "https://files.pythonhosted.org/packages/d5/60/bfc0479572a6f4b90501c869635faf8d84c8c68ffc5dd87d04f049affabc/ty-0.0.23-py3-none-manylinux_2_17_aarch64.manylinux2014_aarch64.whl", hash = "sha256:341441783e626eeb7b1ec2160432956aed5734932ab2d1c26f94d0c98b229937", size = 10156143, upload-time = "2026-03-13T12:34:34.468Z" },
    { url = "https://files.pythonhosted.org/packages/3a/81/8a93e923535a340f54bea20ff196f6b2787782b2f2f399bd191c4bc132d6/ty-0.0.23-py3-none-manylinux_2_17_armv7l.manylinux2014_armv7l.whl", hash = "sha256:8ce1dc66c26d4167e2c78d12fa870ef5a7ec9cc344d2baaa6243297cfa88bd52", size = 10136632, upload-time = "2026-03-13T12:34:28.832Z" },
    { url = "https://files.pythonhosted.org/packages/da/cb/2ac81c850c58acc9f976814404d28389c9c1c939676e32287b9cff61381e/ty-0.0.23-py3-none-manylinux_2_17_i686.manylinux2014_i686.whl", hash = "sha256:bae1e7a294bf8528836f7617dc5c360ea2dddb63789fc9471ae6753534adca05", size = 10655025, upload-time = "2026-03-13T12:34:37.105Z" },
    { url = "https://files.pythonhosted.org/packages/b5/9b/bac771774c198c318ae699fc013d8cd99ed9caf993f661fba11238759244/ty-0.0.23-py3-none-manylinux_2_17_ppc64le.manylinux2014_ppc64le.whl", hash = "sha256:d2b162768764d9dc177c83fb497a51532bb67cbebe57b8fa0f2668436bf53f3c", size = 11230107, upload-time = "2026-03-13T12:34:20.751Z" },
    { url = "https://files.pythonhosted.org/packages/14/09/7644fb0e297265e18243f878aca343593323b9bb19ed5278dcbc63781be0/ty-0.0.23-py3-none-manylinux_2_17_s390x.manylinux2014_s390x.whl", hash = "sha256:d28384e48ca03b34e4e2beee0e230c39bbfb68994bb44927fec61ef3642900da", size = 10934177, upload-time = "2026-03-13T12:34:17.904Z" },
    { url = "https://files.pythonhosted.org/packages/18/14/69a25a0cad493fb6a947302471b579a03516a3b00e7bece77fdc6b4afb9b/ty-0.0.23-py3-none-manylinux_2_17_x86_64.manylinux2014_x86_64.whl", hash = "sha256:559d9a299df793cb7a7902caed5eda8a720ff69164c31c979673e928f02251ee", size = 10752487, upload-time = "2026-03-13T12:34:31.785Z" },
    { url = "https://files.pythonhosted.org/packages/9d/2a/42fc3cbccf95af0a62308ebed67e084798ab7a85ef073c9986ef18032743/ty-0.0.23-py3-none-musllinux_1_2_aarch64.whl", hash = "sha256:32a7b8a14a98e1d20a9d8d2af23637ed7efdb297ac1fa2450b8e465d05b94482", size = 10133007, upload-time = "2026-03-13T12:34:42.838Z" },
    { url = "https://files.pythonhosted.org/packages/e1/69/307833f1b52fa3670e0a1d496e43ef7df556ecde838192d3fcb9b35e360d/ty-0.0.23-py3-none-musllinux_1_2_armv7l.whl", hash = "sha256:6f803b9b9cca87af793467973b9abdd4b83e6b96d9b5e749d662cff7ead70b6d", size = 10169698, upload-time = "2026-03-13T12:34:12.351Z" },
    { url = "https://files.pythonhosted.org/packages/89/ae/5dd379ec22d0b1cba410d7af31c366fcedff191d5b867145913a64889f66/ty-0.0.23-py3-none-musllinux_1_2_i686.whl", hash = "sha256:4a0bf086ec8e2197b7ea7ebfcf4be36cb6a52b235f8be61647ef1b2d99d6ffd3", size = 10346080, upload-time = "2026-03-13T12:34:40.012Z" },
    { url = "https://files.pythonhosted.org/packages/98/c7/dfc83203d37998620bba9c4873a080c8850a784a8a46f56f8163c5b4e320/ty-0.0.23-py3-none-musllinux_1_2_x86_64.whl", hash = "sha256:252539c3fcd7aeb9b8d5c14e2040682c3e1d7ff640906d63fd2c4ce35865a4ba", size = 10848162, upload-time = "2026-03-13T12:34:45.421Z" },
    { url = "https://files.pythonhosted.org/packages/89/08/05481511cfbcc1fd834b6c67aaae090cb609a079189ddf2032139ccfc490/ty-0.0.23-py3-none-win32.whl", hash = "sha256:51b591d19eef23bbc3807aef77d38fa1f003c354e1da908aa80ea2dca0993f77", size = 9748283, upload-time = "2026-03-13T12:34:50.607Z" },
    { url = "https://files.pythonhosted.org/packages/31/2e/eaed4ff5c85e857a02415084c394e02c30476b65e158eec1938fdaa9a205/ty-0.0.23-py3-none-win_amd64.whl", hash = "sha256:1e137e955f05c501cfbb81dd2190c8fb7d01ec037c7e287024129c722a83c9ad", size = 10698355, upload-time = "2026-03-13T12:34:26.134Z" },
    { url = "https://files.pythonhosted.org/packages/91/29/b32cb7b4c7d56b9ed50117f8ad6e45834aec293e4cb14749daab4e9236d5/ty-0.0.23-py3-none-win_arm64.whl", hash = "sha256:a0399bd13fd2cd6683fd0a2d59b9355155d46546d8203e152c556ddbdeb20842", size = 10155890, upload-time = "2026-03-13T12:34:48.082Z" },
]

[[package]]
name = "typing-extensions"
version = "4.15.0"
source = { registry = "https://pypi.org/simple" }
sdist = { url = "https://files.pythonhosted.org/packages/72/94/1a15dd82efb362ac84269196e94cf00f187f7ed21c242792a923cdb1c61f/typing_extensions-4.15.0.tar.gz", hash = "sha256:0cea48d173cc12fa28ecabc3b837ea3cf6f38c6d1136f85cbaaf598984861466", size = 109391, upload-time = "2025-08-25T13:49:26.313Z" }
wheels = [
    { url = "https://files.pythonhosted.org/packages/18/67/36e9267722cc04a6b9f15c7f3441c2363321a3ea07da7ae0c0707beb2a9c/typing_extensions-4.15.0-py3-none-any.whl", hash = "sha256:f0fa19c6845758ab08074a0cfa8b7aecb71c999ca73d62883bc25cc018c4e548", size = 44614, upload-time = "2025-08-25T13:49:24.86Z" },
]

[[package]]
name = "ujson"
version = "5.12.0"
source = { registry = "https://pypi.org/simple" }
sdist = { url = "https://files.pythonhosted.org/packages/cb/3e/c35530c5ffc25b71c59ae0cd7b8f99df37313daa162ce1e2f7925f7c2877/ujson-5.12.0.tar.gz", hash = "sha256:14b2e1eb528d77bc0f4c5bd1a7ebc05e02b5b41beefb7e8567c9675b8b13bcf4", size = 7158451, upload-time = "2026-03-11T22:19:30.397Z" }
wheels = [
    { url = "https://files.pythonhosted.org/packages/10/bd/9a8d693254bada62bfea75a507e014afcfdb6b9d047b6f8dd134bfefaf67/ujson-5.12.0-cp314-cp314-macosx_10_15_x86_64.whl", hash = "sha256:85833bca01aa5cae326ac759276dc175c5fa3f7b3733b7d543cf27f2df12d1ef", size = 56499, upload-time = "2026-03-11T22:18:45.431Z" },
    { url = "https://files.pythonhosted.org/packages/bd/2d/285a83df8176e18dcd675d1a4cff8f7620f003f30903ea43929406e98986/ujson-5.12.0-cp314-cp314-macosx_11_0_arm64.whl", hash = "sha256:d22cad98c2a10bbf6aa083a8980db6ed90d4285a841c4de892890c2b28286ef9", size = 53998, upload-time = "2026-03-11T22:18:47.184Z" },
    { url = "https://files.pythonhosted.org/packages/bf/8b/e2f09e16dabfa91f6a84555df34a4329fa7621e92ed054d170b9054b9bb2/ujson-5.12.0-cp314-cp314-manylinux_2_24_aarch64.manylinux_2_28_aarch64.whl", hash = "sha256:99cc80facad240b0c2fb5a633044420878aac87a8e7c348b9486450cba93f27c", size = 57783, upload-time = "2026-03-11T22:18:48.271Z" },
    { url = "https://files.pythonhosted.org/packages/68/fb/ba1d06f3658a0c36d0ab3869ec3914f202bad0a9bde92654e41516c7bb13/ujson-5.12.0-cp314-cp314-manylinux_2_24_i686.manylinux_2_28_i686.whl", hash = "sha256:d1831c07bd4dce53c4b666fa846c7eba4b7c414f2e641a4585b7f50b72f502dc", size = 60011, upload-time = "2026-03-11T22:18:49.284Z" },
    { url = "https://files.pythonhosted.org/packages/64/2b/3e322bf82d926d9857206cd5820438d78392d1f523dacecb8bd899952f73/ujson-5.12.0-cp314-cp314-manylinux_2_24_x86_64.manylinux_2_28_x86_64.whl", hash = "sha256:0e00cec383eab2406c9e006bd4edb55d284e94bb943fda558326048178d26961", size = 57465, upload-time = "2026-03-11T22:18:50.584Z" },
    { url = "https://files.pythonhosted.org/packages/e9/fd/af72d69603f9885e5136509a529a4f6d88bf652b457263ff96aefcd3ab7d/ujson-5.12.0-cp314-cp314-musllinux_1_2_aarch64.whl", hash = "sha256:f19b3af31d02a2e79c5f9a6deaab0fb3c116456aeb9277d11720ad433de6dfc6", size = 1037275, upload-time = "2026-03-11T22:18:51.998Z" },
    { url = "https://files.pythonhosted.org/packages/9c/a7/a2411ec81aef7872578e56304c3e41b3a544a9809e95c8e1df46923fc40b/ujson-5.12.0-cp314-cp314-musllinux_1_2_i686.whl", hash = "sha256:bacbd3c69862478cbe1c7ed4325caedec580d8acf31b8ee1b9a1e02a56295cad", size = 1196758, upload-time = "2026-03-11T22:18:53.548Z" },
    { url = "https://files.pythonhosted.org/packages/ed/85/aa18ae175dd03a118555aa14304d4f466f9db61b924c97c6f84388ecacb1/ujson-5.12.0-cp314-cp314-musllinux_1_2_x86_64.whl", hash = "sha256:94c5f1621cbcab83c03be46441f090b68b9f307b6c7ec44d4e3f6d5997383df4", size = 1089760, upload-time = "2026-03-11T22:18:55.336Z" },
    { url = "https://files.pythonhosted.org/packages/d3/d4/4b40b67ac7e916ebffc3041ae2320c5c0b8a045300d4c542b6e50930cca5/ujson-5.12.0-cp314-cp314-win32.whl", hash = "sha256:e6369ac293d2cc40d52577e4fa3d75a70c1aae2d01fa3580a34a4e6eff9286b9", size = 41043, upload-time = "2026-03-11T22:18:56.505Z" },
    { url = "https://files.pythonhosted.org/packages/24/38/a1496d2a3428981f2b3a2ffbb4656c2b05be6cc406301d6b10a6445f6481/ujson-5.12.0-cp314-cp314-win_amd64.whl", hash = "sha256:31348a0ffbfc815ce78daac569d893349d85a0b57e1cd2cdbba50b7f333784da", size = 45303, upload-time = "2026-03-11T22:18:57.454Z" },
    { url = "https://files.pythonhosted.org/packages/85/d3/39dbd3159543d9c57ec3a82d36226152cf0d710784894ce5aa24b8220ac1/ujson-5.12.0-cp314-cp314-win_arm64.whl", hash = "sha256:6879aed770557f0961b252648d36f6fdaab41079d37a2296b5649fd1b35608e0", size = 39860, upload-time = "2026-03-11T22:18:58.578Z" },
    { url = "https://files.pythonhosted.org/packages/c3/71/9b4dacb177d3509077e50497222d39eec04c8b41edb1471efc764d645237/ujson-5.12.0-cp314-cp314t-macosx_10_15_x86_64.whl", hash = "sha256:7ddb08b3c2f9213df1f2e3eb2fbea4963d80ec0f8de21f0b59898e34f3b3d96d", size = 56845, upload-time = "2026-03-11T22:18:59.629Z" },
    { url = "https://files.pythonhosted.org/packages/24/c2/8abffa3be1f3d605c4a62445fab232b3e7681512ce941c6b23014f404d36/ujson-5.12.0-cp314-cp314t-macosx_11_0_arm64.whl", hash = "sha256:0a3ae28f0b209be5af50b54ca3e2123a3de3a57d87b75f1e5aa3d7961e041983", size = 54463, upload-time = "2026-03-11T22:19:00.697Z" },
    { url = "https://files.pythonhosted.org/packages/db/2e/60114a35d1d6796eb428f7affcba00a921831ff604a37d9142c3d8bbe5c5/ujson-5.12.0-cp314-cp314t-manylinux_2_24_aarch64.manylinux_2_28_aarch64.whl", hash = "sha256:d30ad4359413c8821cc7b3707f7ca38aa8bc852ba3b9c5a759ee2d7740157315", size = 58689, upload-time = "2026-03-11T22:19:01.739Z" },
    { url = "https://files.pythonhosted.org/packages/c8/ad/010925c2116c21ce119f9c2ff18d01f48a19ade3ff4c5795da03ce5829fc/ujson-5.12.0-cp314-cp314t-manylinux_2_24_i686.manylinux_2_28_i686.whl", hash = "sha256:02f93da7a4115e24f886b04fd56df1ee8741c2ce4ea491b7ab3152f744ad8f8e", size = 60618, upload-time = "2026-03-11T22:19:03.101Z" },
    { url = "https://files.pythonhosted.org/packages/9b/74/db7f638bf20282b1dccf454386cbd483faaaed3cdbb9cb27e06f74bb109e/ujson-5.12.0-cp314-cp314t-manylinux_2_24_x86_64.manylinux_2_28_x86_64.whl", hash = "sha256:3ff4ede90ed771140caa7e1890de17431763a483c54b3c1f88bd30f0cc1affc0", size = 58151, upload-time = "2026-03-11T22:19:04.175Z" },
    { url = "https://files.pythonhosted.org/packages/9c/7e/3ebaecfa70a2e8ce623db8e21bd5cb05d42a5ef943bcbb3309d71b5de68d/ujson-5.12.0-cp314-cp314t-musllinux_1_2_aarch64.whl", hash = "sha256:a7bf9cc97f05048ac8f3e02cd58f0fe62b901453c24345bfde287f4305dcc31c", size = 1038117, upload-time = "2026-03-11T22:19:05.558Z" },
    { url = "https://files.pythonhosted.org/packages/2e/aa/e073eda7f0036c2973b28db7bb99faba17a932e7b52d801f9bb3e726271f/ujson-5.12.0-cp314-cp314t-musllinux_1_2_i686.whl", hash = "sha256:2324d9a0502317ffc35d38e153c1b2fa9610ae03775c9d0f8d0cca7b8572b04e", size = 1197434, upload-time = "2026-03-11T22:19:06.92Z" },
    { url = "https://files.pythonhosted.org/packages/1c/01/b9a13f058fdd50c746b192c4447ca8d6352e696dcda912ccee10f032ff85/ujson-5.12.0-cp314-cp314t-musllinux_1_2_x86_64.whl", hash = "sha256:50524f4f6a1c839714dbaff5386a1afb245d2d5ec8213a01fbc99cea7307811e", size = 1090401, upload-time = "2026-03-11T22:19:08.383Z" },
    { url = "https://files.pythonhosted.org/packages/c4/37/3d1b4e0076b6e43379600b5229a5993db8a759ff2e1830ea635d876f6644/ujson-5.12.0-cp314-cp314t-win32.whl", hash = "sha256:f7a0430d765f9bda043e6aefaba5944d5f21ec43ff4774417d7e296f61917382", size = 41880, upload-time = "2026-03-11T22:19:09.671Z" },
    { url = "https://files.pythonhosted.org/packages/b1/c5/3c2a262a138b9f0014fe1134a6b5fdc2c54245030affbaac2fcbc0632138/ujson-5.12.0-cp314-cp314t-win_amd64.whl", hash = "sha256:ccbfd94e59aad4a2566c71912b55f0547ac1680bfac25eb138e6703eb3dd434e", size = 46365, upload-time = "2026-03-11T22:19:10.662Z" },
    { url = "https://files.pythonhosted.org/packages/83/40/956dc20b7e00dc0ff3259871864f18dab211837fce3478778bedb3132ac1/ujson-5.12.0-cp314-cp314t-win_arm64.whl", hash = "sha256:42d875388fbd091c7ea01edfff260f839ba303038ffb23475ef392012e4d63dd", size = 40398, upload-time = "2026-03-11T22:19:11.666Z" },
]

[[package]]
name = "zipp"
version = "3.23.0"
source = { registry = "https://pypi.org/simple" }
sdist = { url = "https://files.pythonhosted.org/packages/e3/02/0f2892c661036d50ede074e376733dca2ae7c6eb617489437771209d4180/zipp-3.23.0.tar.gz", hash = "sha256:a07157588a12518c9d4034df3fbbee09c814741a33ff63c05fa29d26a2404166", size = 25547, upload-time = "2025-06-08T17:06:39.4Z" }
wheels = [
    { url = "https://files.pythonhosted.org/packages/2e/54/647ade08bf0db230bfea292f893923872fd20be6ac6f53b2b936ba839d75/zipp-3.23.0-py3-none-any.whl", hash = "sha256:071652d6115ed432f5ce1d34c336c0adfd6a884660d1e9712a256d3d3bd4b14e", size = 10276, upload-time = "2025-06-08T17:06:38.034Z" },
]
